
Microsoft Visual Studio Solution File, Format Version 12.00
# Visual Studio Version 17
VisualStudioVersion = 17.9.34902.65
MinimumVisualStudioVersion = 10.0.40219.1
Project("{888888A0-9F3D-457C-B088-3A5042F75D52}") = "graphics", "graphics.pyproj", "{65C1DBD8-0E5E-4B5E-8435-F41499E29A16}"
EndProject
Global
	GlobalSection(SolutionConfigurationPlatforms) = preSolution
		Debug|Any CPU = Debug|Any CPU
		Release|Any CPU = Release|Any CPU
	EndGlobalSection
	GlobalSection(ProjectConfigurationPlatforms) = postSolution
		{65C1DBD8-0E5E-4B5E-8435-F41499E29A16}.Debug|Any CPU.ActiveCfg = Debug|Any CPU
		{65C1DBD8-0E5E-4B5E-8435-F41499E29A16}.Release|Any CPU.ActiveCfg = Release|Any CPU
	EndGlobalSection
	GlobalSection(SolutionProperties) = preSolution
		HideSolutionNode = FALSE
	EndGlobalSection
	GlobalSection(ExtensibilityGlobals) = postSolution
		SolutionGuid = {5E64E0FC-89EA-42EF-8D50-842334FD4BD8}
	EndGlobalSection
EndGlobal
